
Microsoft Visual Studio Solution File, Format Version 12.00
# Visual Studio Version 17
VisualStudioVersion = 17.11.35327.3
MinimumVisualStudioVersion = 10.0.40219.1
Project("{9A19103F-16F7-4668-BE54-9A1E7A4F7556}") = "hashicorp-vault-orchestrator", "hashicorp-vault-orchestrator\hashicorp-vault-orchestrator.csproj", "{76771DD1-BDF1-4C3F-9EAB-C9096A1BBF7B}"
EndProject
Project("{2150E333-8FDC-42A3-9474-1A3956D46DE8}") = "Solution Items", "Solution Items", "{83623EBF-AC4C-4158-922D-959AEFC75453}"
	ProjectSection(SolutionItems) = preProject
		CHANGELOG.md = CHANGELOG.md
		integration-manifest.json = integration-manifest.json
		LICENSE = LICENSE
	EndProjectSection
EndProject
Project("{2150E333-8FDC-42A3-9474-1A3956D46DE8}") = "docsource", "docsource", "{F358CB33-11A6-4AB0-9D59-9F608C086CA7}"
	ProjectSection(SolutionItems) = preProject
		docsource\content.md = docsource\content.md
		docsource\hcvkvjks.md = docsource\hcvkvjks.md
		docsource\hcvkvp12.md = docsource\hcvkvp12.md
		docsource\hcvkvpem.md = docsource\hcvkvpem.md
		docsource\hcvkvpfx.md = docsource\hcvkvpfx.md
		docsource\hcvpki.md = docsource\hcvpki.md
	EndProjectSection
EndProject
Project("{2150E333-8FDC-42A3-9474-1A3956D46DE8}") = "images", "images", "{72529433-ABCD-4B2A-8AD2-727F1F58740C}"
EndProject
Global
	GlobalSection(SolutionConfigurationPlatforms) = preSolution
		Debug|Any CPU = Debug|Any CPU
		Release|Any CPU = Release|Any CPU
	EndGlobalSection
	GlobalSection(ProjectConfigurationPlatforms) = postSolution
		{76771DD1-BDF1-4C3F-9EAB-C9096A1BBF7B}.Debug|Any CPU.ActiveCfg = Debug|Any CPU
		{76771DD1-BDF1-4C3F-9EAB-C9096A1BBF7B}.Debug|Any CPU.Build.0 = Debug|Any CPU
		{76771DD1-BDF1-4C3F-9EAB-C9096A1BBF7B}.Release|Any CPU.ActiveCfg = Release|Any CPU
		{76771DD1-BDF1-4C3F-9EAB-C9096A1BBF7B}.Release|Any CPU.Build.0 = Release|Any CPU
	EndGlobalSection
	GlobalSection(SolutionProperties) = preSolution
		HideSolutionNode = FALSE
	EndGlobalSection
	GlobalSection(NestedProjects) = preSolution
		{F358CB33-11A6-4AB0-9D59-9F608C086CA7} = {83623EBF-AC4C-4158-922D-959AEFC75453}
		{72529433-ABCD-4B2A-8AD2-727F1F58740C} = {F358CB33-11A6-4AB0-9D59-9F608C086CA7}
	EndGlobalSection
	GlobalSection(ExtensibilityGlobals) = postSolution
		SolutionGuid = {F1706189-FE1B-4EE6-9AE1-EF4A777B2F06}
	EndGlobalSection
EndGlobal
